{
    "_meta": {
        "hash": {
            "sha256": "c2312fd6a9e26fb3fc8893e7ef3aceaaed0ce2f44f220b1df1c4c2db8da6d0e8"
        },
        "pipfile-spec": 6,
        "requires": {
            "python_version": "3.8"
        },
        "sources": [
            {
                "name": "pypi",
                "url": "https://pypi.org/simple",
                "verify_ssl": true
            }
        ]
    },
    "default": {
        "attrs": {
            "hashes": [
                "sha256:26b54ddbbb9ee1d34d5d3668dd37d6cf74990ab23c828c2888dccdceee395594",
                "sha256:fce7fc47dfc976152e82d53ff92fa0407700c21acd20886a13777a0d20e655dc"
            ],
            "markers": "python_version >= '2.7' and python_version not in '3.0, 3.1, 3.2, 3.3'",
            "version": "==20.2.0"
        },
        "autopep8": {
            "hashes": [
                "sha256:d21d3901cb0da6ebd1e83fc9b0dfbde8b46afc2ede4fe32fbda0c7c6118ca094"
            ],
            "index": "pypi",
            "version": "==1.5.4"
        },
        "click": {
            "hashes": [
                "sha256:d2b5255c7c6349bc1bd1e59e08cd12acbbd63ce649f2588755783aa94dfb6b1a",
                "sha256:dacca89f4bfadd5de3d7489b7c8a566eee0d3676333fbb50030263894c38c0dc"
            ],
            "markers": "python_version >= '2.7' and python_version not in '3.0, 3.1, 3.2, 3.3, 3.4'",
            "version": "==7.1.2"
        },
        "fastapi": {
            "hashes": [
                "sha256:61ed73b4304413a2ea618d1b95ea866ee386e0e62dd8659c4f5059286f4a39c2",
                "sha256:6cc31bb555dd8ca956d1d227477d661e4ac012337242a41d36214ffbda78bfe9"
            ],
            "index": "pypi",
            "version": "==0.61.1"
        },
        "flake8": {
            "hashes": [
                "sha256:15e351d19611c887e482fb960eae4d44845013cc142d42896e9862f775d8cf5c",
                "sha256:f04b9fcbac03b0a3e58c0ab3a0ecc462e023a9faf046d57794184028123aa208"
            ],
            "index": "pypi",
            "version": "==3.8.3"
        },
        "h11": {
            "hashes": [
                "sha256:311dc5478c2568cc07262e0381cdfc5b9c6ba19775905736c87e81ae6662b9fd",
                "sha256:9eecfbafc980976dbff26a01dd3487644dd5d00f8038584451fc64a660f7c502"
            ],
            "version": "==0.10.0"
        },
        "iniconfig": {
            "hashes": [
                "sha256:80cf40c597eb564e86346103f609d74efce0f6b4d4f30ec8ce9e2c26411ba437",
                "sha256:e5f92f89355a67de0595932a6c6c02ab4afddc6fcdc0bfc5becd0d60884d3f69"
            ],
            "version": "==1.0.1"
        },
        "joblib": {
            "hashes": [
                "sha256:8f52bf24c64b608bf0b2563e0e47d6fcf516abc8cfafe10cfd98ad66d94f92d6",
                "sha256:d348c5d4ae31496b2aa060d6d9b787864dd204f9480baaa52d18850cb43e9f49"
            ],
            "markers": "python_version >= '3.6'",
            "version": "==0.16.0"
        },
        "mccabe": {
            "hashes": [
                "sha256:ab8a6258860da4b6677da4bd2fe5dc2c659cff31b3ee4f7f5d64e79735b80d42",
                "sha256:dd8d182285a0fe56bace7f45b5e7d1a6ebcbf524e8f3bd87eb0f125271b8831f"
            ],
            "version": "==0.6.1"
        },
        "ngsl": {
            "hashes": [
                "sha256:f953c52a2c52fa3584caf9eb7bf355b9fc19bda38190ccec6d04f8881d11bb06"
            ],
            "index": "pypi",
            "version": "==1.1"
        },
        "nltk": {
            "hashes": [
                "sha256:845365449cd8c5f9731f7cb9f8bd6fd0767553b9d53af9eb1b3abf7700936b35"
            ],
            "index": "pypi",
            "version": "==3.5"
        },
        "packaging": {
            "hashes": [
                "sha256:4357f74f47b9c12db93624a82154e9b120fa8293699949152b22065d556079f8",
                "sha256:998416ba6962ae7fbd6596850b80e17859a5753ba17c32284f67bfff33784181"
            ],
            "markers": "python_version >= '2.7' and python_version not in '3.0, 3.1, 3.2, 3.3'",
            "version": "==20.4"
        },
        "pluggy": {
            "hashes": [
                "sha256:15b2acde666561e1298d71b523007ed7364de07029219b604cf808bfa1c765b0",
                "sha256:966c145cd83c96502c3c3868f50408687b38434af77734af1e9ca461a4081d2d"
            ],
            "markers": "python_version >= '2.7' and python_version not in '3.0, 3.1, 3.2, 3.3'",
            "version": "==0.13.1"
        },
        "py": {
            "hashes": [
                "sha256:366389d1db726cd2fcfc79732e75410e5fe4d31db13692115529d34069a043c2",
                "sha256:9ca6883ce56b4e8da7e79ac18787889fa5206c79dcc67fb065376cd2fe03f342"
            ],
            "markers": "python_version >= '2.7' and python_version not in '3.0, 3.1, 3.2, 3.3'",
            "version": "==1.9.0"
        },
        "pycodestyle": {
            "hashes": [
                "sha256:2295e7b2f6b5bd100585ebcb1f616591b652db8a741695b3d8f5d28bdc934367",
                "sha256:c58a7d2815e0e8d7972bf1803331fb0152f867bd89adf8a01dfd55085434192e"
            ],
            "markers": "python_version >= '2.7' and python_version not in '3.0, 3.1, 3.2, 3.3'",
            "version": "==2.6.0"
        },
        "pydantic": {
            "hashes": [
                "sha256:1783c1d927f9e1366e0e0609ae324039b2479a1a282a98ed6a6836c9ed02002c",
                "sha256:2dc946b07cf24bee4737ced0ae77e2ea6bc97489ba5a035b603bd1b40ad81f7e",
                "sha256:2de562a456c4ecdc80cf1a8c3e70c666625f7d02d89a6174ecf63754c734592e",
                "sha256:36dbf6f1be212ab37b5fda07667461a9219c956181aa5570a00edfb0acdfe4a1",
                "sha256:3fa799f3cfff3e5f536cbd389368fc96a44bb30308f258c94ee76b73bd60531d",
                "sha256:40d765fa2d31d5be8e29c1794657ad46f5ee583a565c83cea56630d3ae5878b9",
                "sha256:418b84654b60e44c0cdd5384294b0e4bc1ebf42d6e873819424f3b78b8690614",
                "sha256:4900b8820b687c9a3ed753684337979574df20e6ebe4227381d04b3c3c628f99",
                "sha256:530d7222a2786a97bc59ee0e0ebbe23728f82974b1f1ad9a11cd966143410633",
                "sha256:54122a8ed6b75fe1dd80797f8251ad2063ea348a03b77218d73ea9fe19bd4e73",
                "sha256:6c3f162ba175678218629f446a947e3356415b6b09122dcb364e58c442c645a7",
                "sha256:b49c86aecde15cde33835d5d6360e55f5e0067bb7143a8303bf03b872935c75b",
                "sha256:b5b3489cb303d0f41ad4a7390cf606a5f2c7a94dcba20c051cd1c653694cb14d",
                "sha256:cf3933c98cb5e808b62fae509f74f209730b180b1e3c3954ee3f7949e083a7df",
                "sha256:eb75dc1809875d5738df14b6566ccf9fd9c0bcde4f36b72870f318f16b9f5c20",
                "sha256:f769141ab0abfadf3305d4fcf36660e5cf568a666dd3efab7c3d4782f70946b1",
                "sha256:f8af9b840a9074e08c0e6dc93101de84ba95df89b267bf7151d74c553d66833b"
            ],
            "markers": "python_version >= '3.6'",
            "version": "==1.6.1"
        },
        "pyflakes": {
            "hashes": [
                "sha256:0d94e0e05a19e57a99444b6ddcf9a6eb2e5c68d3ca1e98e90707af8152c90a92",
                "sha256:35b2d75ee967ea93b55750aa9edbbf72813e06a66ba54438df2cfac9e3c27fc8"
            ],
            "markers": "python_version >= '2.7' and python_version not in '3.0, 3.1, 3.2, 3.3'",
            "version": "==2.2.0"
        },
        "pyparsing": {
            "hashes": [
                "sha256:c203ec8783bf771a155b207279b9bccb8dea02d8f0c9e5f8ead507bc3246ecc1",
                "sha256:ef9d7589ef3c200abe66653d3f1ab1033c3c419ae9b9bdb1240a85b024efc88b"
            ],
            "markers": "python_version >= '2.6' and python_version not in '3.0, 3.1, 3.2, 3.3'",
            "version": "==2.4.7"
        },
        "pytest": {
            "hashes": [
                "sha256:1cd09785c0a50f9af72220dd12aa78cfa49cbffc356c61eab009ca189e018a33",
                "sha256:d010e24666435b39a4cf48740b039885642b6c273a3f77be3e7e03554d2806b7"
            ],
            "index": "pypi",
            "version": "==6.1.0"
        },
        "regex": {
            "hashes": [
                "sha256:088afc8c63e7bd187a3c70a94b9e50ab3f17e1d3f52a32750b5b77dbe99ef5ef",
                "sha256:1fe0a41437bbd06063aa184c34804efa886bcc128222e9916310c92cd54c3b4c",
                "sha256:41bb65f54bba392643557e617316d0d899ed5b4946dccee1cb6696152b29844b",
                "sha256:4318d56bccfe7d43e5addb272406ade7a2274da4b70eb15922a071c58ab0108c",
                "sha256:4707f3695b34335afdfb09be3802c87fa0bc27030471dbc082f815f23688bc63",
                "sha256:5533a959a1748a5c042a6da71fe9267a908e21eded7a4f373efd23a2cbdb0ecc",
                "sha256:5f18875ac23d9aa2f060838e8b79093e8bb2313dbaaa9f54c6d8e52a5df097be",
                "sha256:60b0e9e6dc45683e569ec37c55ac20c582973841927a85f2d8a7d20ee80216ab",
                "sha256:84e9407db1b2eb368b7ecc283121b5e592c9aaedbe8c78b1a2f1102eb2e21d19",
                "sha256:8d69cef61fa50c8133382e61fd97439de1ae623fe943578e477e76a9d9471637",
                "sha256:9a02d0ae31d35e1ec12a4ea4d4cca990800f66a917d0fb997b20fbc13f5321fc",
                "sha256:9bc13e0d20b97ffb07821aa3e113f9998e84994fe4d159ffa3d3a9d1b805043b",
                "sha256:a6f32aea4260dfe0e55dc9733ea162ea38f0ea86aa7d0f77b15beac5bf7b369d",
                "sha256:ae91972f8ac958039920ef6e8769277c084971a142ce2b660691793ae44aae6b",
                "sha256:c570f6fa14b9c4c8a4924aaad354652366577b4f98213cf76305067144f7b100",
                "sha256:d23a18037313714fb3bb5a94434d3151ee4300bae631894b1ac08111abeaa4a3",
                "sha256:eaf548d117b6737df379fdd53bdde4f08870e66d7ea653e230477f071f861121",
                "sha256:ebbe29186a3d9b0c591e71b7393f1ae08c83cb2d8e517d2a822b8f7ec99dfd8b",
                "sha256:eda4771e0ace7f67f58bc5b560e27fb20f32a148cbc993b0c3835970935c2707",
                "sha256:f1b3afc574a3db3b25c89161059d857bd4909a1269b0b3cb3c904677c8c4a3f7",
                "sha256:f2388013e68e750eaa16ccbea62d4130180c26abb1d8e5d584b9baf69672b30f"
            ],
            "version": "==2020.9.27"
        },
        "six": {
            "hashes": [
                "sha256:30639c035cdb23534cd4aa2dd52c3bf48f06e5f4a941509c8bafd8ce11080259",
                "sha256:8b74bedcbbbaca38ff6d7491d76f2b06b3592611af620f8426e82dddb04a5ced"
            ],
            "markers": "python_version >= '2.7' and python_version not in '3.0, 3.1, 3.2, 3.3'",
            "version": "==1.15.0"
        },
        "starlette": {
            "hashes": [
                "sha256:bd2ffe5e37fb75d014728511f8e68ebf2c80b0fa3d04ca1479f4dc752ae31ac9",
                "sha256:ebe8ee08d9be96a3c9f31b2cb2a24dbdf845247b745664bd8a3f9bd0c977fdbc"
            ],
            "markers": "python_version >= '3.6'",
            "version": "==0.13.6"
        },
        "toml": {
            "hashes": [
                "sha256:926b612be1e5ce0634a2ca03470f95169cf16f939018233a670519cb4ac58b0f",
                "sha256:bda89d5935c2eac546d648028b9901107a595863cb36bae0c73ac804a9b4ce88"
            ],
            "version": "==0.10.1"
        },
        "tqdm": {
            "hashes": [
                "sha256:2dd75fdb764f673b8187643496fcfbeac38348015b665878e582b152f3391cdb",
                "sha256:93b7a6a9129fce904f6df4cf3ae7ff431d779be681a95c3344c26f3e6c09abfa"
            ],
            "markers": "python_version >= '2.6' and python_version not in '3.0, 3.1, 3.2, 3.3'",
            "version": "==4.50.0"
        },
        "uvicorn": {
            "hashes": [
                "sha256:9a8f3501d977dedf77a540a0ec3cfadf409fe48eafca2c100d45d843ac62bc7b",
                "sha256:fbe9d1b764bc1f4599e1f150a0974feea0fd6380bec889c0d907ebd0a2e896a7"
            ],
            "index": "pypi",
            "version": "==0.12.0"
        }
    },
    "develop": {}
}
